// !$*UTF8*$!
{
	archiveVersion = 1;
	classes = {
	};
	objectVersion = 50;
	objects = {

/* Begin PBXBuildFile section */
		2C6FE94621F97B94006F7D81 /* AppDelegate.swift in Sources */ = {isa = PBXBuildFile; fileRef = 2C6FE94521F97B94006F7D81 /* AppDelegate.swift */; };
		2C6FE94821F97B94006F7D81 /* ViewController.swift in Sources */ = {isa = PBXBuildFile; fileRef = 2C6FE94721F97B94006F7D81 /* ViewController.swift */; };
		2C6FE94B21F97B94006F7D81 /* Main.storyboard in Resources */ = {isa = PBXBuildFile; fileRef = 2C6FE94921F97B94006F7D81 /* Main.storyboard */; };
		2C6FE94D21F97B95006F7D81 /* Assets.xcassets in Resources */ = {isa = PBXBuildFile; fileRef = 2C6FE94C21F97B95006F7D81 /* Assets.xcassets */; };
		2C6FE95021F97B95006F7D81 /* LaunchScreen.storyboard in Resources */ = {isa = PBXBuildFile; fileRef = 2C6FE94E21F97B95006F7D81 /* LaunchScreen.storyboard */; };
		2C6FE99021F97CA5006F7D81 /* Differ.framework in Frameworks */ = {isa = PBXBuildFile; fileRef = 2C6FE98D21F97C99006F7D81 /* Differ.framework */; };
		2C6FE99121F97CA5006F7D81 /* Differ.framework in Embed Frameworks */ = {isa = PBXBuildFile; fileRef = 2C6FE98D21F97C99006F7D81 /* Differ.framework */; settings = {ATTRIBUTES = (CodeSignOnCopy, RemoveHeadersOnCopy, ); }; };
		2C6FE99521F97CE6006F7D81 /* Model.swift in Sources */ = {isa = PBXBuildFile; fileRef = 2C6FE99421F97CE6006F7D81 /* Model.swift */; };
		2C6FE99721F97DBC006F7D81 /* String+Utils.swift in Sources */ = {isa = PBXBuildFile; fileRef = 2C6FE99621F97DBC006F7D81 /* String+Utils.swift */; };
/* End PBXBuildFile section */

/* Begin PBXContainerItemProxy section */
		2C6FE98C21F97C99006F7D81 /* PBXContainerItemProxy */ = {
			isa = PBXContainerItemProxy;
			containerPortal = 2C6FE98721F97C99006F7D81 /* Differ.xcodeproj */;
			proxyType = 2;
			remoteGlobalIDString = C9EE87161CCFCA83006BD90E;
			remoteInfo = Differ;
		};
		2C6FE98E21F97C99006F7D81 /* PBXContainerItemProxy */ = {
			isa = PBXContainerItemProxy;
			containerPortal = 2C6FE98721F97C99006F7D81 /* Differ.xcodeproj */;
			proxyType = 2;
			remoteGlobalIDString = C9838FF11D29571000691BE8;
			remoteInfo = DifferTests;
		};
		2C6FE99221F97CA5006F7D81 /* PBXContainerItemProxy */ = {
			isa = PBXContainerItemProxy;
			containerPortal = 2C6FE98721F97C99006F7D81 /* Differ.xcodeproj */;
			proxyType = 1;
			remoteGlobalIDString = C9EE87151CCFCA83006BD90E;
			remoteInfo = Differ;
		};
/* End PBXContainerItemProxy section */

/* Begin PBXCopyFilesBuildPhase section */
		2C6FE98621F97C13006F7D81 /* Embed Frameworks */ = {
			isa = PBXCopyFilesBuildPhase;
			buildActionMask = 2147483647;
			dstPath = "";
			dstSubfolderSpec = 10;
			files = (
				2C6FE99121F97CA5006F7D81 /* Differ.framework in Embed Frameworks */,
			);
			name = "Embed Frameworks";
			runOnlyForDeploymentPostprocessing = 0;
		};
/* End PBXCopyFilesBuildPhase section */

/* Begin PBXFileReference section */
		2C6FE94221F97B94006F7D81 /* DiffingWithDiffer.app */ = {isa = PBXFileReference; explicitFileType = wrapper.application; includeInIndex = 0; path = DiffingWithDiffer.app; sourceTree = BUILT_PRODUCTS_DIR; };
		2C6FE94521F97B94006F7D81 /* AppDelegate.swift */ = {isa = PBXFileReference; lastKnownFileType = sourcecode.swift; path = AppDelegate.swift; sourceTree = "<group>"; };
		2C6FE94721F97B94006F7D81 /* ViewController.swift */ = {isa = PBXFileReference; lastKnownFileType = sourcecode.swift; path = ViewController.swift; sourceTree = "<group>"; };
		2C6FE94A21F97B94006F7D81 /* Base */ = {isa = PBXFileReference; lastKnownFileType = file.storyboard; name = Base; path = Base.lproj/Main.storyboard; sourceTree = "<group>"; };
		2C6FE94C21F97B95006F7D81 /* Assets.xcassets */ = {isa = PBXFileReference; lastKnownFileType = folder.assetcatalog; path = Assets.xcassets; sourceTree = "<group>"; };
		2C6FE94F21F97B95006F7D81 /* Base */ = {isa = PBXFileReference; lastKnownFileType = file.storyboard; name = Base; path = Base.lproj/LaunchScreen.storyboard; sourceTree = "<group>"; };
		2C6FE95121F97B95006F7D81 /* Info.plist */ = {isa = PBXFileReference; lastKnownFileType = text.plist.xml; path = Info.plist; sourceTree = "<group>"; };
		2C6FE98721F97C99006F7D81 /* Differ.xcodeproj */ = {isa = PBXFileReference; lastKnownFileType = "wrapper.pb-project"; name = Differ.xcodeproj; path = Differ/Differ.xcodeproj; sourceTree = "<group>"; };
		2C6FE99421F97CE6006F7D81 /* Model.swift */ = {isa = PBXFileReference; lastKnownFileType = sourcecode.swift; path = Model.swift; sourceTree = "<group>"; };
		2C6FE99621F97DBC006F7D81 /* String+Utils.swift */ = {isa = PBXFileReference; lastKnownFileType = sourcecode.swift; path = "String+Utils.swift"; sourceTree = "<group>"; };
/* End PBXFileReference section */

/* Begin PBXFrameworksBuildPhase section */
		2C6FE93F21F97B94006F7D81 /* Frameworks */ = {
			isa = PBXFrameworksBuildPhase;
			buildActionMask = 2147483647;
			files = (
				2C6FE99021F97CA5006F7D81 /* Differ.framework in Frameworks */,
			);
			runOnlyForDeploymentPostprocessing = 0;
		};
/* End PBXFrameworksBuildPhase section */

/* Begin PBXGroup section */
		2C6FE93921F97B94006F7D81 = {
			isa = PBXGroup;
			children = (
				2C6FE98721F97C99006F7D81 /* Differ.xcodeproj */,
				2C6FE94421F97B94006F7D81 /* DiffingWithDiffer */,
				2C6FE94321F97B94006F7D81 /* Products */,
			);
			sourceTree = "<group>";
		};
		2C6FE94321F97B94006F7D81 /* Products */ = {
			isa = PBXGroup;
			children = (
				2C6FE94221F97B94006F7D81 /* DiffingWithDiffer.app */,
			);
			name = Products;
			sourceTree = "<group>";
		};
		2C6FE94421F97B94006F7D81 /* DiffingWithDiffer */ = {
			isa = PBXGroup;
			children = (
				2C6FE94521F97B94006F7D81 /* AppDelegate.swift */,
				2C6FE94721F97B94006F7D81 /* ViewController.swift */,
				2C6FE94921F97B94006F7D81 /* Main.storyboard */,
				2C6FE94C21F97B95006F7D81 /* Assets.xcassets */,
				2C6FE94E21F97B95006F7D81 /* LaunchScreen.storyboard */,
				2C6FE95121F97B95006F7D81 /* Info.plist */,
				2C6FE99421F97CE6006F7D81 /* Model.swift */,
				2C6FE99621F97DBC006F7D81 /* String+Utils.swift */,
			);
			path = DiffingWithDiffer;
			sourceTree = "<group>";
		};
		2C6FE98821F97C99006F7D81 /* Products */ = {
			isa = PBXGroup;
			children = (
				2C6FE98D21F97C99006F7D81 /* Differ.framework */,
				2C6FE98F21F97C99006F7D81 /* DifferTests.xctest */,
			);
			name = Products;
			sourceTree = "<group>";
		};
/* End PBXGroup section */

/* Begin PBXNativeTarget section */
		2C6FE94121F97B94006F7D81 /* DiffingWithDiffer */ = {
			isa = PBXNativeTarget;
			buildConfigurationList = 2C6FE95421F97B95006F7D81 /* Build configuration list for PBXNativeTarget "DiffingWithDiffer" */;
			buildPhases = (
				2C6FE93E21F97B94006F7D81 /* Sources */,
				2C6FE93F21F97B94006F7D81 /* Frameworks */,
				2C6FE94021F97B94006F7D81 /* Resources */,
				2C6FE98621F97C13006F7D81 /* Embed Frameworks */,
			);
			buildRules = (
			);
			dependencies = (
				2C6FE99321F97CA5006F7D81 /* PBXTargetDependency */,
			);
			name = DiffingWithDiffer;
			productName = DiffingWithDiffer;
			productReference = 2C6FE94221F97B94006F7D81 /* DiffingWithDiffer.app */;
			productType = "com.apple.product-type.application";
		};
/* End PBXNativeTarget section */

/* Begin PBXProject section */
		2C6FE93A21F97B94006F7D81 /* Project object */ = {
			isa = PBXProject;
			attributes = {
				LastSwiftUpdateCheck = 1010;
				LastUpgradeCheck = 1010;
				ORGANIZATIONNAME = BankHapoalim;
				TargetAttributes = {
					2C6FE94121F97B94006F7D81 = {
						CreatedOnToolsVersion = 10.1;
					};
				};
			};
			buildConfigurationList = 2C6FE93D21F97B94006F7D81 /* Build configuration list for PBXProject "DiffingWithDiffer" */;
			compatibilityVersion = "Xcode 9.3";
			developmentRegion = en;
			hasScannedForEncodings = 0;
			knownRegions = (
				en,
				Base,
			);
			mainGroup = 2C6FE93921F97B94006F7D81;
			productRefGroup = 2C6FE94321F97B94006F7D81 /* Products */;
			projectDirPath = "";
			projectReferences = (
				{
					ProductGroup = 2C6FE98821F97C99006F7D81 /* Products */;
					ProjectRef = 2C6FE98721F97C99006F7D81 /* Differ.xcodeproj */;
				},
			);
			projectRoot = "";
			targets = (
				2C6FE94121F97B94006F7D81 /* DiffingWithDiffer */,
			);
		};
/* End PBXProject section */

/* Begin PBXReferenceProxy section */
		2C6FE98D21F97C99006F7D81 /* Differ.framework */ = {
			isa = PBXReferenceProxy;
			fileType = wrapper.framework;
			path = Differ.framework;
			remoteRef = 2C6FE98C21F97C99006F7D81 /* PBXContainerItemProxy */;
			sourceTree = BUILT_PRODUCTS_DIR;
		};
		2C6FE98F21F97C99006F7D81 /* DifferTests.xctest */ = {
			isa = PBXReferenceProxy;
			fileType = wrapper.cfbundle;
			path = DifferTests.xctest;
			remoteRef = 2C6FE98E21F97C99006F7D81 /* PBXContainerItemProxy */;
			sourceTree = BUILT_PRODUCTS_DIR;
		};
/* End PBXReferenceProxy section */

/* Begin PBXResourcesBuildPhase section */
		2C6FE94021F97B94006F7D81 /* Resources */ = {
			isa = PBXResourcesBuildPhase;
			buildActionMask = 2147483647;
			files = (
				2C6FE95021F97B95006F7D81 /* LaunchScreen.storyboard in Resources */,
				2C6FE94D21F97B95006F7D81 /* Assets.xcassets in Resources */,
				2C6FE94B21F97B94006F7D81 /* Main.storyboard in Resources */,
			);
			runOnlyForDeploymentPostprocessing = 0;
		};
/* End PBXResourcesBuildPhase section */

/* Begin PBXSourcesBuildPhase section */
		2C6FE93E21F97B94006F7D81 /* Sources */ = {
			isa = PBXSourcesBuildPhase;
			buildActionMask = 2147483647;
			files = (
				2C6FE99721F97DBC006F7D81 /* String+Utils.swift in Sources */,
				2C6FE99521F97CE6006F7D81 /* Model.swift in Sources */,
				2C6FE94821F97B94006F7D81 /* ViewController.swift in Sources */,
				2C6FE94621F97B94006F7D81 /* AppDelegate.swift in Sources */,
			);
			runOnlyForDeploymentPostprocessing = 0;
		};
/* End PBXSourcesBuildPhase section */

/* Begin PBXTargetDependency section */
		2C6FE99321F97CA5006F7D81 /* PBXTargetDependency */ = {
			isa = PBXTargetDependency;
			name = Differ;
			targetProxy = 2C6FE99221F97CA5006F7D81 /* PBXContainerItemProxy */;
		};
/* End PBXTargetDependency section */

/* Begin PBXVariantGroup section */
		2C6FE94921F97B94006F7D81 /* Main.storyboard */ = {
			isa = PBXVariantGroup;
			children = (
				2C6FE94A21F97B94006F7D81 /* Base */,
			);
			name = Main.storyboard;
			sourceTree = "<group>";
		};
		2C6FE94E21F97B95006F7D81 /* LaunchScreen.storyboard */ = {
			isa = PBXVariantGroup;
			children = (
				2C6FE94F21F97B95006F7D81 /* Base */,
			);
			name = LaunchScreen.storyboard;
			sourceTree = "<group>";
		};
/* End PBXVariantGroup section */

/* Begin XCBuildConfiguration section */
		2C6FE95221F97B95006F7D81 /* Debug */ = {
			isa = XCBuildConfiguration;
			buildSettings = {
				ALWAYS_SEARCH_USER_PATHS = NO;
				CLANG_ANALYZER_NONNULL = YES;
				CLANG_ANALYZER_NUMBER_OBJECT_CONVERSION = YES_AGGRESSIVE;
				CLANG_CXX_LANGUAGE_STANDARD = "gnu++14";
				CLANG_CXX_LIBRARY = "libc++";
				CLANG_ENABLE_MODULES = YES;
				CLANG_ENABLE_OBJC_ARC = YES;
				CLANG_ENABLE_OBJC_WEAK = YES;
				CLANG_WARN_BLOCK_CAPTURE_AUTORELEASING = YES;
				CLANG_WARN_BOOL_CONVERSION = YES;
				CLANG_WARN_COMMA = YES;
				CLANG_WARN_CONSTANT_CONVERSION = YES;
				CLANG_WARN_DEPRECATED_OBJC_IMPLEMENTATIONS = YES;
				CLANG_WARN_DIRECT_OBJC_ISA_USAGE = YES_ERROR;
				CLANG_WARN_DOCUMENTATION_COMMENTS = YES;
				CLANG_WARN_EMPTY_BODY = YES;
				CLANG_WARN_ENUM_CONVERSION = YES;
				CLANG_WARN_INFINITE_RECURSION = YES;
				CLANG_WARN_INT_CONVERSION = YES;
				CLANG_WARN_NON_LITERAL_NULL_CONVERSION = YES;
				CLANG_WARN_OBJC_IMPLICIT_RETAIN_SELF = YES;
				CLANG_WARN_OBJC_LITERAL_CONVERSION = YES;
				CLANG_WARN_OBJC_ROOT_CLASS = YES_ERROR;
				CLANG_WARN_RANGE_LOOP_ANALYSIS = YES;
				CLANG_WARN_STRICT_PROTOTYPES = YES;
				CLANG_WARN_SUSPICIOUS_MOVE = YES;
				CLANG_WARN_UNGUARDED_AVAILABILITY = YES_AGGRESSIVE;
				CLANG_WARN_UNREACHABLE_CODE = YES;
				CLANG_WARN__DUPLICATE_METHOD_MATCH = YES;
				CODE_SIGN_IDENTITY = "iPhone Developer";
				COPY_PHASE_STRIP = NO;
				DEBUG_INFORMATION_FORMAT = dwarf;
				ENABLE_STRICT_OBJC_MSGSEND = YES;
				ENABLE_TESTABILITY = YES;
				GCC_C_LANGUAGE_STANDARD = gnu11;
				GCC_DYNAMIC_NO_PIC = NO;
				GCC_NO_COMMON_BLOCKS = YES;
				GCC_OPTIMIZATION_LEVEL = 0;
				GCC_PREPROCESSOR_DEFINITIONS = (
					"DEBUG=1",
					"$(inherited)",
				);
				GCC_WARN_64_TO_32_BIT_CONVERSION = YES;
				GCC_WARN_ABOUT_RETURN_TYPE = YES_ERROR;
				GCC_WARN_UNDECLARED_SELECTOR = YES;
				GCC_WARN_UNINITIALIZED_AUTOS = YES_AGGRESSIVE;
				GCC_WARN_UNUSED_FUNCTION = YES;
				GCC_WARN_UNUSED_VARIABLE = YES;
				IPHONEOS_DEPLOYMENT_TARGET = 12.1;
				MTL_ENABLE_DEBUG_INFO = INCLUDE_SOURCE;
				MTL_FAST_MATH = YES;
				ONLY_ACTIVE_ARCH = YES;
				SDKROOT = iphoneos;
				SWIFT_ACTIVE_COMPILATION_CONDITIONS = DEBUG;
				SWIFT_OPTIMIZATION_LEVEL = "-Onone";
			};
			name = Debug;
		};
		2C6FE95321F97B95006F7D81 /* Release */ = {
			isa = XCBuildConfiguration;
			buildSettings = {
				ALWAYS_SEARCH_USER_PATHS = NO;
				CLANG_ANALYZER_NONNULL = YES;
				CLANG_ANALYZER_NUMBER_OBJECT_CONVERSION = YES_AGGRESSIVE;
				CLANG_CXX_LANGUAGE_STANDARD = "gnu++14";
				CLANG_CXX_LIBRARY = "libc++";
				CLANG_ENABLE_MODULES = YES;
				CLANG_ENABLE_OBJC_ARC = YES;
				CLANG_ENABLE_OBJC_WEAK = YES;
				CLANG_WARN_BLOCK_CAPTURE_AUTORELEASING = YES;
				CLANG_WARN_BOOL_CONVERSION = YES;
				CLANG_WARN_COMMA = YES;
				CLANG_WARN_CONSTANT_CONVERSION = YES;
				CLANG_WARN_DEPRECATED_OBJC_IMPLEMENTATIONS = YES;
				CLANG_WARN_DIRECT_OBJC_ISA_USAGE = YES_ERROR;
				CLANG_WARN_DOCUMENTATION_COMMENTS = YES;
				CLANG_WARN_EMPTY_BODY = YES;
				CLANG_WARN_ENUM_CONVERSION = YES;
				CLANG_WARN_INFINITE_RECURSION = YES;
				CLANG_WARN_INT_CONVERSION = YES;
				CLANG_WARN_NON_LITERAL_NULL_CONVERSION = YES;
				CLANG_WARN_OBJC_IMPLICIT_RETAIN_SELF = YES;
				CLANG_WARN_OBJC_LITERAL_CONVERSION = YES;
				CLANG_WARN_OBJC_ROOT_CLASS = YES_ERROR;
				CLANG_WARN_RANGE_LOOP_ANALYSIS = YES;
				CLANG_WARN_STRICT_PROTOTYPES = YES;
				CLANG_WARN_SUSPICIOUS_MOVE = YES;
				CLANG_WARN_UNGUARDED_AVAILABILITY = YES_AGGRESSIVE;
				CLANG_WARN_UNREACHABLE_CODE = YES;
				CLANG_WARN__DUPLICATE_METHOD_MATCH = YES;
				CODE_SIGN_IDENTITY = "iPhone Developer";
				COPY_PHASE_STRIP = NO;
				DEBUG_INFORMATION_FORMAT = "dwarf-with-dsym";
				ENABLE_NS_ASSERTIONS = NO;
				ENABLE_STRICT_OBJC_MSGSEND = YES;
				GCC_C_LANGUAGE_STANDARD = gnu11;
				GCC_NO_COMMON_BLOCKS = YES;
				GCC_WARN_64_TO_32_BIT_CONVERSION = YES;
				GCC_WARN_ABOUT_RETURN_TYPE = YES_ERROR;
				GCC_WARN_UNDECLARED_SELECTOR = YES;
				GCC_WARN_UNINITIALIZED_AUTOS = YES_AGGRESSIVE;
				GCC_WARN_UNUSED_FUNCTION = YES;
				GCC_WARN_UNUSED_VARIABLE = YES;
				IPHONEOS_DEPLOYMENT_TARGET = 12.1;
				MTL_ENABLE_DEBUG_INFO = NO;
				MTL_FAST_MATH = YES;
				SDKROOT = iphoneos;
				SWIFT_COMPILATION_MODE = wholemodule;
				SWIFT_OPTIMIZATION_LEVEL = "-O";
				VALIDATE_PRODUCT = YES;
			};
			name = Release;
		};
		2C6FE95521F97B95006F7D81 /* Debug */ = {
			isa = XCBuildConfiguration;
			buildSettings = {
				ALWAYS_EMBED_SWIFT_STANDARD_LIBRARIES = YES;
				ASSETCATALOG_COMPILER_APPICON_NAME = AppIcon;
				CODE_SIGN_STYLE = Automatic;
				INFOPLIST_FILE = DiffingWithDiffer/Info.plist;
				LD_RUNPATH_SEARCH_PATHS = (
					"$(inherited)",
					"@executable_path/Frameworks",
				);
				PRODUCT_BUNDLE_IDENTIFIER = EP.payments.DiffingWithDiffer;
				PRODUCT_NAME = "$(TARGET_NAME)";
				SWIFT_VERSION = 4.2;
				TARGETED_DEVICE_FAMILY = "1,2";
			};
			name = Debug;
		};
		2C6FE95621F97B95006F7D81 /* Release */ = {
			isa = XCBuildConfiguration;
			buildSettings = {
				ALWAYS_EMBED_SWIFT_STANDARD_LIBRARIES = YES;
				ASSETCATALOG_COMPILER_APPICON_NAME = AppIcon;
				CODE_SIGN_STYLE = Automatic;
				INFOPLIST_FILE = DiffingWithDiffer/Info.plist;
				LD_RUNPATH_SEARCH_PATHS = (
					"$(inherited)",
					"@executable_path/Frameworks",
				);
				PRODUCT_BUNDLE_IDENTIFIER = EP.payments.DiffingWithDiffer;
				PRODUCT_NAME = "$(TARGET_NAME)";
				SWIFT_VERSION = 4.2;
				TARGETED_DEVICE_FAMILY = "1,2";
			};
			name = Release;
		};
/* End XCBuildConfiguration section */

/* Begin XCConfigurationList section */
		2C6FE93D21F97B94006F7D81 /* Build configuration list for PBXProject "DiffingWithDiffer" */ = {
			isa = XCConfigurationList;
			buildConfigurations = (
				2C6FE95221F97B95006F7D81 /* Debug */,
				2C6FE95321F97B95006F7D81 /* Release */,
			);
			defaultConfigurationIsVisible = 0;
			defaultConfigurationName = Release;
		};
		2C6FE95421F97B95006F7D81 /* Build configuration list for PBXNativeTarget "DiffingWithDiffer" */ = {
			isa = XCConfigurationList;
			buildConfigurations = (
				2C6FE95521F97B95006F7D81 /* Debug */,
				2C6FE95621F97B95006F7D81 /* Release */,
			);
			defaultConfigurationIsVisible = 0;
			defaultConfigurationName = Release;
		};
/* End XCConfigurationList section */
	};
	rootObject = 2C6FE93A21F97B94006F7D81 /* Project object */;
}
